
Microsoft Visual Studio Solution File, Format Version 12.00
# Visual Studio Version 16
VisualStudioVersion = 16.0.30804.86
MinimumVisualStudioVersion = 10.0.40219.1
Project("{FAE04EC0-301F-11D3-BF4B-00C04F79EFBC}") = "Clase04", "Clase04\Clase04.csproj", "{B4CB43C5-3155-4E94-B811-1546E704877B}"
EndProject
Global
	GlobalSection(SolutionConfigurationPlatforms) = preSolution
		Debug|Any CPU = Debug|Any CPU
		Release|Any CPU = Release|Any CPU
	EndGlobalSection
	GlobalSection(ProjectConfigurationPlatforms) = postSolution
		{B4CB43C5-3155-4E94-B811-1546E704877B}.Debug|Any CPU.ActiveCfg = Debug|Any CPU
		{B4CB43C5-3155-4E94-B811-1546E704877B}.Debug|Any CPU.Build.0 = Debug|Any CPU
		{B4CB43C5-3155-4E94-B811-1546E704877B}.Release|Any CPU.ActiveCfg = Release|Any CPU
		{B4CB43C5-3155-4E94-B811-1546E704877B}.Release|Any CPU.Build.0 = Release|Any CPU
	EndGlobalSection
	GlobalSection(SolutionProperties) = preSolution
		HideSolutionNode = FALSE
	EndGlobalSection
	GlobalSection(ExtensibilityGlobals) = postSolution
		SolutionGuid = {B9AB527B-B243-44DF-BF95-AB84A714CC8B}
	EndGlobalSection
EndGlobal
